# This file is automatically @generated by Cargo.
# It is not intended for manual editing.
[[package]]
name = "bitflags"
version = "0.8.2"
source = "registry+https://github.com/rust-lang/crates.io-index"
checksum = "1370e9fc2a6ae53aea8b7a5110edbd08836ed87c88736dfabccade1c2b44bff4"

[[package]]
name = "dimacs"
version = "0.2.0"
source = "registry+https://github.com/rust-lang/crates.io-index"
checksum = "75f6c12703392ff1f2c7cf298d27075ef1f40565c6af73a8ca72f16853563f84"
dependencies = [
 "bitflags",
]

[[package]]
name = "k-flip-sat"
version = "0.1.0"
dependencies = [
 "dimacs",
]
